
Microsoft Visual Studio Solution File, Format Version 12.00
# Visual Studio Version 16
VisualStudioVersion = 16.0.31410.357
MinimumVisualStudioVersion = 10.0.40219.1
Project("{9A19103F-16F7-4668-BE54-9A1E7A4F7556}") = "HelloWorld", "Section01\HelloWorld\HelloWorld.csproj", "{DCC5B04E-5589-4CC7-9825-66584289FC86}"
EndProject
Project("{2150E333-8FDC-42A3-9474-1A3956D46DE8}") = "Section01", "Section01", "{AEC84703-87AC-49E9-B615-61D6491B9143}"
EndProject
Project("{2150E333-8FDC-42A3-9474-1A3956D46DE8}") = "Section02", "Section02", "{38FEEDF1-0CB0-4DCA-839C-7F986DF66CBD}"
	ProjectSection(SolutionItems) = preProject
		Section02\Primitive_Data_Types.pdf = Section02\Primitive_Data_Types.pdf
	EndProjectSection
EndProject
Project("{9A19103F-16F7-4668-BE54-9A1E7A4F7556}") = "Parser", "Section02\Parser\Parser.csproj", "{A3FD90E3-D35A-4043-85A4-BFCAB59E9E11}"
EndProject
Project("{9A19103F-16F7-4668-BE54-9A1E7A4F7556}") = "ChallengeDatatypesAndVariables", "Section02\ChallengeDatatypesAndVariables\ChallengeDatatypesAndVariables.csproj", "{251E8E94-2D6C-40A6-BAC6-661374177BDB}"
EndProject
Project("{9A19103F-16F7-4668-BE54-9A1E7A4F7556}") = "BasicCalculations", "Section02\BasicCalculations\BasicCalculations.csproj", "{8409B698-34BE-4A40-8250-6163AF722697}"
EndProject
Project("{9A19103F-16F7-4668-BE54-9A1E7A4F7556}") = "MyName", "Section02\MyName\MyName.csproj", "{E31F8F9C-6C2E-4AC2-B02F-91E14A2858B3}"
EndProject
Project("{9A19103F-16F7-4668-BE54-9A1E7A4F7556}") = "NamingConvention", "Section02\NamingConvention\NamingConvention.csproj", "{6242D479-AC1B-4A39-8D9A-A91C0EFDC4AE}"
EndProject
Project("{9A19103F-16F7-4668-BE54-9A1E7A4F7556}") = "TypeConverter", "Section02\TypeConverter\TypeConverter.csproj", "{63EE9795-DD8A-4B7B-98AC-CD567C70E598}"
EndProject
Project("{9A19103F-16F7-4668-BE54-9A1E7A4F7556}") = "ChallengeStringAndItsMethods", "Section02\ChallengeStringAndItsMethods\ChallengeStringAndItsMethods.csproj", "{59250EC2-2346-425B-913D-64724EDEF8FC}"
EndProject
Project("{9A19103F-16F7-4668-BE54-9A1E7A4F7556}") = "Constants", "Section02\Constants\Constants.csproj", "{1ECE5618-0323-4F5F-926C-A46D93275521}"
EndProject
Project("{2150E333-8FDC-42A3-9474-1A3956D46DE8}") = "Section03", "Section03", "{B53C2D44-D0E2-407F-BF2F-08B3A6254514}"
EndProject
Project("{9A19103F-16F7-4668-BE54-9A1E7A4F7556}") = "VoidMethods", "Section03\VoidMethods\VoidMethods.csproj", "{8D1A4328-8CAC-4F2B-8881-A4DACD18A66B}"
EndProject
Project("{9A19103F-16F7-4668-BE54-9A1E7A4F7556}") = "ReturnValueMethods", "Section03\ReturnValueMethods\ReturnValueMethods.csproj", "{38A454CC-ED8C-4F81-9E6E-D252D9D70B45}"
EndProject
Project("{9A19103F-16F7-4668-BE54-9A1E7A4F7556}") = "ChallengeMethods", "Section03\ChallengeMethods\ChallengeMethods.csproj", "{71391359-112D-4291-85A8-6B1F82B3ADC1}"
EndProject
Project("{9A19103F-16F7-4668-BE54-9A1E7A4F7556}") = "UserInput", "Section03\UserInput\UserInput.csproj", "{2184E5EC-5088-463F-BDA3-C851076924F7}"
EndProject
Project("{FAE04EC0-301F-11D3-BF4B-00C04F79EFBC}") = "TryAndCatch", "Section03\TryAndCatch\TryAndCatch.csproj", "{A8DF967F-223E-4BD4-9C57-C16A6BE4A1F0}"
EndProject
Project("{FAE04EC0-301F-11D3-BF4B-00C04F79EFBC}") = "Operators", "Section03\Operators\Operators.csproj", "{A2AABB62-BBE0-4A75-A23F-354BFC93E7CA}"
EndProject
Global
	GlobalSection(SolutionConfigurationPlatforms) = preSolution
		Debug|Any CPU = Debug|Any CPU
		Release|Any CPU = Release|Any CPU
	EndGlobalSection
	GlobalSection(ProjectConfigurationPlatforms) = postSolution
		{DCC5B04E-5589-4CC7-9825-66584289FC86}.Debug|Any CPU.ActiveCfg = Debug|Any CPU
		{DCC5B04E-5589-4CC7-9825-66584289FC86}.Debug|Any CPU.Build.0 = Debug|Any CPU
		{DCC5B04E-5589-4CC7-9825-66584289FC86}.Release|Any CPU.ActiveCfg = Release|Any CPU
		{DCC5B04E-5589-4CC7-9825-66584289FC86}.Release|Any CPU.Build.0 = Release|Any CPU
		{A3FD90E3-D35A-4043-85A4-BFCAB59E9E11}.Debug|Any CPU.ActiveCfg = Debug|Any CPU
		{A3FD90E3-D35A-4043-85A4-BFCAB59E9E11}.Debug|Any CPU.Build.0 = Debug|Any CPU
		{A3FD90E3-D35A-4043-85A4-BFCAB59E9E11}.Release|Any CPU.ActiveCfg = Release|Any CPU
		{A3FD90E3-D35A-4043-85A4-BFCAB59E9E11}.Release|Any CPU.Build.0 = Release|Any CPU
		{251E8E94-2D6C-40A6-BAC6-661374177BDB}.Debug|Any CPU.ActiveCfg = Debug|Any CPU
		{251E8E94-2D6C-40A6-BAC6-661374177BDB}.Debug|Any CPU.Build.0 = Debug|Any CPU
		{251E8E94-2D6C-40A6-BAC6-661374177BDB}.Release|Any CPU.ActiveCfg = Release|Any CPU
		{251E8E94-2D6C-40A6-BAC6-661374177BDB}.Release|Any CPU.Build.0 = Release|Any CPU
		{8409B698-34BE-4A40-8250-6163AF722697}.Debug|Any CPU.ActiveCfg = Debug|Any CPU
		{8409B698-34BE-4A40-8250-6163AF722697}.Debug|Any CPU.Build.0 = Debug|Any CPU
		{8409B698-34BE-4A40-8250-6163AF722697}.Release|Any CPU.ActiveCfg = Release|Any CPU
		{8409B698-34BE-4A40-8250-6163AF722697}.Release|Any CPU.Build.0 = Release|Any CPU
		{E31F8F9C-6C2E-4AC2-B02F-91E14A2858B3}.Debug|Any CPU.ActiveCfg = Debug|Any CPU
		{E31F8F9C-6C2E-4AC2-B02F-91E14A2858B3}.Debug|Any CPU.Build.0 = Debug|Any CPU
		{E31F8F9C-6C2E-4AC2-B02F-91E14A2858B3}.Release|Any CPU.ActiveCfg = Release|Any CPU
		{E31F8F9C-6C2E-4AC2-B02F-91E14A2858B3}.Release|Any CPU.Build.0 = Release|Any CPU
		{6242D479-AC1B-4A39-8D9A-A91C0EFDC4AE}.Debug|Any CPU.ActiveCfg = Debug|Any CPU
		{6242D479-AC1B-4A39-8D9A-A91C0EFDC4AE}.Debug|Any CPU.Build.0 = Debug|Any CPU
		{6242D479-AC1B-4A39-8D9A-A91C0EFDC4AE}.Release|Any CPU.ActiveCfg = Release|Any CPU
		{6242D479-AC1B-4A39-8D9A-A91C0EFDC4AE}.Release|Any CPU.Build.0 = Release|Any CPU
		{63EE9795-DD8A-4B7B-98AC-CD567C70E598}.Debug|Any CPU.ActiveCfg = Debug|Any CPU
		{63EE9795-DD8A-4B7B-98AC-CD567C70E598}.Debug|Any CPU.Build.0 = Debug|Any CPU
		{63EE9795-DD8A-4B7B-98AC-CD567C70E598}.Release|Any CPU.ActiveCfg = Release|Any CPU
		{63EE9795-DD8A-4B7B-98AC-CD567C70E598}.Release|Any CPU.Build.0 = Release|Any CPU
		{59250EC2-2346-425B-913D-64724EDEF8FC}.Debug|Any CPU.ActiveCfg = Debug|Any CPU
		{59250EC2-2346-425B-913D-64724EDEF8FC}.Debug|Any CPU.Build.0 = Debug|Any CPU
		{59250EC2-2346-425B-913D-64724EDEF8FC}.Release|Any CPU.ActiveCfg = Release|Any CPU
		{59250EC2-2346-425B-913D-64724EDEF8FC}.Release|Any CPU.Build.0 = Release|Any CPU
		{1ECE5618-0323-4F5F-926C-A46D93275521}.Debug|Any CPU.ActiveCfg = Debug|Any CPU
		{1ECE5618-0323-4F5F-926C-A46D93275521}.Debug|Any CPU.Build.0 = Debug|Any CPU
		{1ECE5618-0323-4F5F-926C-A46D93275521}.Release|Any CPU.ActiveCfg = Release|Any CPU
		{1ECE5618-0323-4F5F-926C-A46D93275521}.Release|Any CPU.Build.0 = Release|Any CPU
		{8D1A4328-8CAC-4F2B-8881-A4DACD18A66B}.Debug|Any CPU.ActiveCfg = Debug|Any CPU
		{8D1A4328-8CAC-4F2B-8881-A4DACD18A66B}.Debug|Any CPU.Build.0 = Debug|Any CPU
		{8D1A4328-8CAC-4F2B-8881-A4DACD18A66B}.Release|Any CPU.ActiveCfg = Release|Any CPU
		{8D1A4328-8CAC-4F2B-8881-A4DACD18A66B}.Release|Any CPU.Build.0 = Release|Any CPU
		{38A454CC-ED8C-4F81-9E6E-D252D9D70B45}.Debug|Any CPU.ActiveCfg = Debug|Any CPU
		{38A454CC-ED8C-4F81-9E6E-D252D9D70B45}.Debug|Any CPU.Build.0 = Debug|Any CPU
		{38A454CC-ED8C-4F81-9E6E-D252D9D70B45}.Release|Any CPU.ActiveCfg = Release|Any CPU
		{38A454CC-ED8C-4F81-9E6E-D252D9D70B45}.Release|Any CPU.Build.0 = Release|Any CPU
		{71391359-112D-4291-85A8-6B1F82B3ADC1}.Debug|Any CPU.ActiveCfg = Debug|Any CPU
		{71391359-112D-4291-85A8-6B1F82B3ADC1}.Debug|Any CPU.Build.0 = Debug|Any CPU
		{71391359-112D-4291-85A8-6B1F82B3ADC1}.Release|Any CPU.ActiveCfg = Release|Any CPU
		{71391359-112D-4291-85A8-6B1F82B3ADC1}.Release|Any CPU.Build.0 = Release|Any CPU
		{2184E5EC-5088-463F-BDA3-C851076924F7}.Debug|Any CPU.ActiveCfg = Debug|Any CPU
		{2184E5EC-5088-463F-BDA3-C851076924F7}.Debug|Any CPU.Build.0 = Debug|Any CPU
		{2184E5EC-5088-463F-BDA3-C851076924F7}.Release|Any CPU.ActiveCfg = Release|Any CPU
		{2184E5EC-5088-463F-BDA3-C851076924F7}.Release|Any CPU.Build.0 = Release|Any CPU
		{A8DF967F-223E-4BD4-9C57-C16A6BE4A1F0}.Debug|Any CPU.ActiveCfg = Debug|Any CPU
		{A8DF967F-223E-4BD4-9C57-C16A6BE4A1F0}.Debug|Any CPU.Build.0 = Debug|Any CPU
		{A8DF967F-223E-4BD4-9C57-C16A6BE4A1F0}.Release|Any CPU.ActiveCfg = Release|Any CPU
		{A8DF967F-223E-4BD4-9C57-C16A6BE4A1F0}.Release|Any CPU.Build.0 = Release|Any CPU
		{A2AABB62-BBE0-4A75-A23F-354BFC93E7CA}.Debug|Any CPU.ActiveCfg = Debug|Any CPU
		{A2AABB62-BBE0-4A75-A23F-354BFC93E7CA}.Debug|Any CPU.Build.0 = Debug|Any CPU
		{A2AABB62-BBE0-4A75-A23F-354BFC93E7CA}.Release|Any CPU.ActiveCfg = Release|Any CPU
		{A2AABB62-BBE0-4A75-A23F-354BFC93E7CA}.Release|Any CPU.Build.0 = Release|Any CPU
	EndGlobalSection
	GlobalSection(SolutionProperties) = preSolution
		HideSolutionNode = FALSE
	EndGlobalSection
	GlobalSection(NestedProjects) = preSolution
		{DCC5B04E-5589-4CC7-9825-66584289FC86} = {AEC84703-87AC-49E9-B615-61D6491B9143}
		{A3FD90E3-D35A-4043-85A4-BFCAB59E9E11} = {38FEEDF1-0CB0-4DCA-839C-7F986DF66CBD}
		{251E8E94-2D6C-40A6-BAC6-661374177BDB} = {38FEEDF1-0CB0-4DCA-839C-7F986DF66CBD}
		{8409B698-34BE-4A40-8250-6163AF722697} = {38FEEDF1-0CB0-4DCA-839C-7F986DF66CBD}
		{E31F8F9C-6C2E-4AC2-B02F-91E14A2858B3} = {38FEEDF1-0CB0-4DCA-839C-7F986DF66CBD}
		{6242D479-AC1B-4A39-8D9A-A91C0EFDC4AE} = {38FEEDF1-0CB0-4DCA-839C-7F986DF66CBD}
		{63EE9795-DD8A-4B7B-98AC-CD567C70E598} = {38FEEDF1-0CB0-4DCA-839C-7F986DF66CBD}
		{59250EC2-2346-425B-913D-64724EDEF8FC} = {38FEEDF1-0CB0-4DCA-839C-7F986DF66CBD}
		{1ECE5618-0323-4F5F-926C-A46D93275521} = {38FEEDF1-0CB0-4DCA-839C-7F986DF66CBD}
		{8D1A4328-8CAC-4F2B-8881-A4DACD18A66B} = {B53C2D44-D0E2-407F-BF2F-08B3A6254514}
		{38A454CC-ED8C-4F81-9E6E-D252D9D70B45} = {B53C2D44-D0E2-407F-BF2F-08B3A6254514}
		{71391359-112D-4291-85A8-6B1F82B3ADC1} = {B53C2D44-D0E2-407F-BF2F-08B3A6254514}
		{2184E5EC-5088-463F-BDA3-C851076924F7} = {B53C2D44-D0E2-407F-BF2F-08B3A6254514}
		{A8DF967F-223E-4BD4-9C57-C16A6BE4A1F0} = {B53C2D44-D0E2-407F-BF2F-08B3A6254514}
		{A2AABB62-BBE0-4A75-A23F-354BFC93E7CA} = {B53C2D44-D0E2-407F-BF2F-08B3A6254514}
	EndGlobalSection
	GlobalSection(ExtensibilityGlobals) = postSolution
		SolutionGuid = {A0CF0045-1BD2-414D-994F-9F481283F8D2}
	EndGlobalSection
EndGlobal
